// !$*UTF8*$!
{
	archiveVersion = 1;
	classes = {
	};
	objectVersion = 46;
	objects = {

/* Begin PBXBuildFile section */
		5822661F17FE535F00514B59 /* UIKit.framework in Frameworks */ = {isa = PBXBuildFile; fileRef = 5822661E17FE535F00514B59 /* UIKit.framework */; };
		5822662117FE535F00514B59 /* Foundation.framework in Frameworks */ = {isa = PBXBuildFile; fileRef = 5822662017FE535F00514B59 /* Foundation.framework */; };
		5822662317FE535F00514B59 /* CoreGraphics.framework in Frameworks */ = {isa = PBXBuildFile; fileRef = 5822662217FE535F00514B59 /* CoreGraphics.framework */; };
		5822662917FE535F00514B59 /* InfoPlist.strings in Resources */ = {isa = PBXBuildFile; fileRef = 5822662717FE535F00514B59 /* InfoPlist.strings */; };
		5822662B17FE535F00514B59 /* main.m in Sources */ = {isa = PBXBuildFile; fileRef = 5822662A17FE535F00514B59 /* main.m */; };
		5822662F17FE535F00514B59 /* xyzAppDelegate.m in Sources */ = {isa = PBXBuildFile; fileRef = 5822662E17FE535F00514B59 /* xyzAppDelegate.m */; };
		5822663817FE543000514B59 /* xyzTemperatureViewController.m in Sources */ = {isa = PBXBuildFile; fileRef = 5822663617FE543000514B59 /* xyzTemperatureViewController.m */; };
		5822663917FE543000514B59 /* xyzTemperatureViewController.xib in Resources */ = {isa = PBXBuildFile; fileRef = 5822663717FE543000514B59 /* xyzTemperatureViewController.xib */; };
/* End PBXBuildFile section */

/* Begin PBXFileReference section */
		5822661A17FE535F00514B59 /* TempConvert.app */ = {isa = PBXFileReference; explicitFileType = wrapper.application; includeInIndex = 0; path = TempConvert.app; sourceTree = BUILT_PRODUCTS_DIR; };
		5822661E17FE535F00514B59 /* UIKit.framework */ = {isa = PBXFileReference; lastKnownFileType = wrapper.framework; name = UIKit.framework; path = System/Library/Frameworks/UIKit.framework; sourceTree = SDKROOT; };
		5822662017FE535F00514B59 /* Foundation.framework */ = {isa = PBXFileReference; lastKnownFileType = wrapper.framework; name = Foundation.framework; path = System/Library/Frameworks/Foundation.framework; sourceTree = SDKROOT; };
		5822662217FE535F00514B59 /* CoreGraphics.framework */ = {isa = PBXFileReference; lastKnownFileType = wrapper.framework; name = CoreGraphics.framework; path = System/Library/Frameworks/CoreGraphics.framework; sourceTree = SDKROOT; };
		5822662617FE535F00514B59 /* TempConvert-Info.plist */ = {isa = PBXFileReference; lastKnownFileType = text.plist.xml; path = "TempConvert-Info.plist"; sourceTree = "<group>"; };
		5822662817FE535F00514B59 /* en */ = {isa = PBXFileReference; lastKnownFileType = text.plist.strings; name = en; path = en.lproj/InfoPlist.strings; sourceTree = "<group>"; };
		5822662A17FE535F00514B59 /* main.m */ = {isa = PBXFileReference; lastKnownFileType = sourcecode.c.objc; path = main.m; sourceTree = "<group>"; };
		5822662C17FE535F00514B59 /* TempConvert-Prefix.pch */ = {isa = PBXFileReference; lastKnownFileType = sourcecode.c.h; path = "TempConvert-Prefix.pch"; sourceTree = "<group>"; };
		5822662D17FE535F00514B59 /* xyzAppDelegate.h */ = {isa = PBXFileReference; lastKnownFileType = sourcecode.c.h; path = xyzAppDelegate.h; sourceTree = "<group>"; };
		5822662E17FE535F00514B59 /* xyzAppDelegate.m */ = {isa = PBXFileReference; lastKnownFileType = sourcecode.c.objc; path = xyzAppDelegate.m; sourceTree = "<group>"; };
		5822663517FE543000514B59 /* xyzTemperatureViewController.h */ = {isa = PBXFileReference; fileEncoding = 4; lastKnownFileType = sourcecode.c.h; path = xyzTemperatureViewController.h; sourceTree = "<group>"; };
		5822663617FE543000514B59 /* xyzTemperatureViewController.m */ = {isa = PBXFileReference; fileEncoding = 4; lastKnownFileType = sourcecode.c.objc; path = xyzTemperatureViewController.m; sourceTree = "<group>"; };
		5822663717FE543000514B59 /* xyzTemperatureViewController.xib */ = {isa = PBXFileReference; fileEncoding = 4; lastKnownFileType = file.xib; path = xyzTemperatureViewController.xib; sourceTree = "<group>"; };
/* End PBXFileReference section */

/* Begin PBXFrameworksBuildPhase section */
		5822661717FE535F00514B59 /* Frameworks */ = {
			isa = PBXFrameworksBuildPhase;
			buildActionMask = 2147483647;
			files = (
				5822661F17FE535F00514B59 /* UIKit.framework in Frameworks */,
				5822662117FE535F00514B59 /* Foundation.framework in Frameworks */,
				5822662317FE535F00514B59 /* CoreGraphics.framework in Frameworks */,
			);
			runOnlyForDeploymentPostprocessing = 0;
		};
/* End PBXFrameworksBuildPhase section */

/* Begin PBXGroup section */
		5822660F17FE535F00514B59 = {
			isa = PBXGroup;
			children = (
				5822662417FE535F00514B59 /* TempConvert */,
				5822661D17FE535F00514B59 /* Frameworks */,
				5822661B17FE535F00514B59 /* Products */,
			);
			sourceTree = "<group>";
		};
		5822661B17FE535F00514B59 /* Products */ = {
			isa = PBXGroup;
			children = (
				5822661A17FE535F00514B59 /* TempConvert.app */,
			);
			name = Products;
			sourceTree = "<group>";
		};
		5822661D17FE535F00514B59 /* Frameworks */ = {
			isa = PBXGroup;
			children = (
				5822661E17FE535F00514B59 /* UIKit.framework */,
				5822662017FE535F00514B59 /* Foundation.framework */,
				5822662217FE535F00514B59 /* CoreGraphics.framework */,
			);
			name = Frameworks;
			sourceTree = "<group>";
		};
		5822662417FE535F00514B59 /* TempConvert */ = {
			isa = PBXGroup;
			children = (
				5822662D17FE535F00514B59 /* xyzAppDelegate.h */,
				5822662E17FE535F00514B59 /* xyzAppDelegate.m */,
				5822662517FE535F00514B59 /* Supporting Files */,
			);
			path = TempConvert;
			sourceTree = "<group>";
		};
		5822662517FE535F00514B59 /* Supporting Files */ = {
			isa = PBXGroup;
			children = (
				5822663517FE543000514B59 /* xyzTemperatureViewController.h */,
				5822663617FE543000514B59 /* xyzTemperatureViewController.m */,
				5822663717FE543000514B59 /* xyzTemperatureViewController.xib */,
				5822662617FE535F00514B59 /* TempConvert-Info.plist */,
				5822662717FE535F00514B59 /* InfoPlist.strings */,
				5822662A17FE535F00514B59 /* main.m */,
				5822662C17FE535F00514B59 /* TempConvert-Prefix.pch */,
			);
			name = "Supporting Files";
			sourceTree = "<group>";
		};
/* End PBXGroup section */

/* Begin PBXNativeTarget section */
		5822661917FE535F00514B59 /* TempConvert */ = {
			isa = PBXNativeTarget;
			buildConfigurationList = 5822663217FE535F00514B59 /* Build configuration list for PBXNativeTarget "TempConvert" */;
			buildPhases = (
				5822661617FE535F00514B59 /* Sources */,
				5822661717FE535F00514B59 /* Frameworks */,
				5822661817FE535F00514B59 /* Resources */,
			);
			buildRules = (
			);
			dependencies = (
			);
			name = TempConvert;
			productName = TempConvert;
			productReference = 5822661A17FE535F00514B59 /* TempConvert.app */;
			productType = "com.apple.product-type.application";
		};
/* End PBXNativeTarget section */

/* Begin PBXProject section */
		5822661117FE535F00514B59 /* Project object */ = {
			isa = PBXProject;
			attributes = {
				CLASSPREFIX = xyz;
				LastUpgradeCheck = 0430;
			};
			buildConfigurationList = 5822661417FE535F00514B59 /* Build configuration list for PBXProject "TempConvert" */;
			compatibilityVersion = "Xcode 3.2";
			developmentRegion = English;
			hasScannedForEncodings = 0;
			knownRegions = (
				en,
			);
			mainGroup = 5822660F17FE535F00514B59;
			productRefGroup = 5822661B17FE535F00514B59 /* Products */;
			projectDirPath = "";
			projectRoot = "";
			targets = (
				5822661917FE535F00514B59 /* TempConvert */,
			);
		};
/* End PBXProject section */

/* Begin PBXResourcesBuildPhase section */
		5822661817FE535F00514B59 /* Resources */ = {
			isa = PBXResourcesBuildPhase;
			buildActionMask = 2147483647;
			files = (
				5822662917FE535F00514B59 /* InfoPlist.strings in Resources */,
				5822663917FE543000514B59 /* xyzTemperatureViewController.xib in Resources */,
			);
			runOnlyForDeploymentPostprocessing = 0;
		};
/* End PBXResourcesBuildPhase section */

/* Begin PBXSourcesBuildPhase section */
		5822661617FE535F00514B59 /* Sources */ = {
			isa = PBXSourcesBuildPhase;
			buildActionMask = 2147483647;
			files = (
				5822662B17FE535F00514B59 /* main.m in Sources */,
				5822662F17FE535F00514B59 /* xyzAppDelegate.m in Sources */,
				5822663817FE543000514B59 /* xyzTemperatureViewController.m in Sources */,
			);
			runOnlyForDeploymentPostprocessing = 0;
		};
/* End PBXSourcesBuildPhase section */

/* Begin PBXVariantGroup section */
		5822662717FE535F00514B59 /* InfoPlist.strings */ = {
			isa = PBXVariantGroup;
			children = (
				5822662817FE535F00514B59 /* en */,
			);
			name = InfoPlist.strings;
			sourceTree = "<group>";
		};
/* End PBXVariantGroup section */

/* Begin XCBuildConfiguration section */
		5822663017FE535F00514B59 /* Debug */ = {
			isa = XCBuildConfiguration;
			buildSettings = {
				ALWAYS_SEARCH_USER_PATHS = NO;
				ARCHS = "$(ARCHS_STANDARD_32_BIT)";
				"CODE_SIGN_IDENTITY[sdk=iphoneos*]" = "iPhone Developer";
				COPY_PHASE_STRIP = NO;
				GCC_C_LANGUAGE_STANDARD = gnu99;
				GCC_DYNAMIC_NO_PIC = NO;
				GCC_OPTIMIZATION_LEVEL = 0;
				GCC_PREPROCESSOR_DEFINITIONS = (
					"DEBUG=1",
					"$(inherited)",
				);
				GCC_SYMBOLS_PRIVATE_EXTERN = NO;
				GCC_VERSION = com.apple.compilers.llvm.clang.1_0;
				GCC_WARN_ABOUT_RETURN_TYPE = YES;
				GCC_WARN_UNINITIALIZED_AUTOS = YES;
				GCC_WARN_UNUSED_VARIABLE = YES;
				IPHONEOS_DEPLOYMENT_TARGET = 5.1;
				SDKROOT = iphoneos;
				TARGETED_DEVICE_FAMILY = "1,2";
			};
			name = Debug;
		};
		5822663117FE535F00514B59 /* Release */ = {
			isa = XCBuildConfiguration;
			buildSettings = {
				ALWAYS_SEARCH_USER_PATHS = NO;
				ARCHS = "$(ARCHS_STANDARD_32_BIT)";
				"CODE_SIGN_IDENTITY[sdk=iphoneos*]" = "iPhone Developer";
				COPY_PHASE_STRIP = YES;
				GCC_C_LANGUAGE_STANDARD = gnu99;
				GCC_VERSION = com.apple.compilers.llvm.clang.1_0;
				GCC_WARN_ABOUT_RETURN_TYPE = YES;
				GCC_WARN_UNINITIALIZED_AUTOS = YES;
				GCC_WARN_UNUSED_VARIABLE = YES;
				IPHONEOS_DEPLOYMENT_TARGET = 5.1;
				OTHER_CFLAGS = "-DNS_BLOCK_ASSERTIONS=1";
				SDKROOT = iphoneos;
				TARGETED_DEVICE_FAMILY = "1,2";
				VALIDATE_PRODUCT = YES;
			};
			name = Release;
		};
		5822663317FE535F00514B59 /* Debug */ = {
			isa = XCBuildConfiguration;
			buildSettings = {
				GCC_PRECOMPILE_PREFIX_HEADER = YES;
				GCC_PREFIX_HEADER = "TempConvert/TempConvert-Prefix.pch";
				INFOPLIST_FILE = "TempConvert/TempConvert-Info.plist";
				PRODUCT_NAME = "$(TARGET_NAME)";
				WRAPPER_EXTENSION = app;
			};
			name = Debug;
		};
		5822663417FE535F00514B59 /* Release */ = {
			isa = XCBuildConfiguration;
			buildSettings = {
				GCC_PRECOMPILE_PREFIX_HEADER = YES;
				GCC_PREFIX_HEADER = "TempConvert/TempConvert-Prefix.pch";
				INFOPLIST_FILE = "TempConvert/TempConvert-Info.plist";
				PRODUCT_NAME = "$(TARGET_NAME)";
				WRAPPER_EXTENSION = app;
			};
			name = Release;
		};
/* End XCBuildConfiguration section */

/* Begin XCConfigurationList section */
		5822661417FE535F00514B59 /* Build configuration list for PBXProject "TempConvert" */ = {
			isa = XCConfigurationList;
			buildConfigurations = (
				5822663017FE535F00514B59 /* Debug */,
				5822663117FE535F00514B59 /* Release */,
			);
			defaultConfigurationIsVisible = 0;
			defaultConfigurationName = Release;
		};
		5822663217FE535F00514B59 /* Build configuration list for PBXNativeTarget "TempConvert" */ = {
			isa = XCConfigurationList;
			buildConfigurations = (
				5822663317FE535F00514B59 /* Debug */,
				5822663417FE535F00514B59 /* Release */,
			);
			defaultConfigurationIsVisible = 0;
		};
/* End XCConfigurationList section */
	};
	rootObject = 5822661117FE535F00514B59 /* Project object */;
}
